
Microsoft Visual Studio Solution File, Format Version 12.00
# Visual Studio Version 17
VisualStudioVersion = 17.2.32630.192
MinimumVisualStudioVersion = 10.0.40219.1
Project("{9A19103F-16F7-4668-BE54-9A1E7A4F7556}") = "SavePets.API", "SavePets\SavePets.API.csproj", "{A233BCB9-3496-467A-AA37-1E085ED1A484}"
EndProject
Project("{9A19103F-16F7-4668-BE54-9A1E7A4F7556}") = "SavePets.Data", "ClassLibrary1\SavePets.Data.csproj", "{98A14999-9F9A-4339-9A7D-DB42129292FD}"
EndProject
Project("{FAE04EC0-301F-11D3-BF4B-00C04F79EFBC}") = "SavePets.Business", "SavePets.Business\SavePets.Business.csproj", "{A332D856-25A0-43A3-8DFB-A181FF14DC2D}"
EndProject
Global
	GlobalSection(SolutionConfigurationPlatforms) = preSolution
		Debug|Any CPU = Debug|Any CPU
		Release|Any CPU = Release|Any CPU
	EndGlobalSection
	GlobalSection(ProjectConfigurationPlatforms) = postSolution
		{A233BCB9-3496-467A-AA37-1E085ED1A484}.Debug|Any CPU.ActiveCfg = Debug|Any CPU
		{A233BCB9-3496-467A-AA37-1E085ED1A484}.Debug|Any CPU.Build.0 = Debug|Any CPU
		{A233BCB9-3496-467A-AA37-1E085ED1A484}.Release|Any CPU.ActiveCfg = Release|Any CPU
		{A233BCB9-3496-467A-AA37-1E085ED1A484}.Release|Any CPU.Build.0 = Release|Any CPU
		{98A14999-9F9A-4339-9A7D-DB42129292FD}.Debug|Any CPU.ActiveCfg = Debug|Any CPU
		{98A14999-9F9A-4339-9A7D-DB42129292FD}.Debug|Any CPU.Build.0 = Debug|Any CPU
		{98A14999-9F9A-4339-9A7D-DB42129292FD}.Release|Any CPU.ActiveCfg = Release|Any CPU
		{98A14999-9F9A-4339-9A7D-DB42129292FD}.Release|Any CPU.Build.0 = Release|Any CPU
		{A332D856-25A0-43A3-8DFB-A181FF14DC2D}.Debug|Any CPU.ActiveCfg = Debug|Any CPU
		{A332D856-25A0-43A3-8DFB-A181FF14DC2D}.Debug|Any CPU.Build.0 = Debug|Any CPU
		{A332D856-25A0-43A3-8DFB-A181FF14DC2D}.Release|Any CPU.ActiveCfg = Release|Any CPU
		{A332D856-25A0-43A3-8DFB-A181FF14DC2D}.Release|Any CPU.Build.0 = Release|Any CPU
	EndGlobalSection
	GlobalSection(SolutionProperties) = preSolution
		HideSolutionNode = FALSE
	EndGlobalSection
	GlobalSection(ExtensibilityGlobals) = postSolution
		SolutionGuid = {26C0D1AA-DC1C-47A0-9562-EBB8279539D4}
	EndGlobalSection
EndGlobal
